
Microsoft Visual Studio Solution File, Format Version 12.00
# Visual Studio 15
VisualStudioVersion = 15.0.28307.1831
MinimumVisualStudioVersion = 10.0.40219.1
Project("{8BC9CEB8-8B4A-11D0-8D11-00A0C91BC942}") = "libusb_test", "libusb_test\libusb_test.vcxproj", "{77D2A81D-23C8-45CC-BE8E-E2D5C328B578}"
EndProject
Global
	GlobalSection(SolutionConfigurationPlatforms) = preSolution
		Debug|x64 = Debug|x64
		Debug|x86 = Debug|x86
		Release|x64 = Release|x64
		Release|x86 = Release|x86
	EndGlobalSection
	GlobalSection(ProjectConfigurationPlatforms) = postSolution
		{77D2A81D-23C8-45CC-BE8E-E2D5C328B578}.Debug|x64.ActiveCfg = Debug|x64
		{77D2A81D-23C8-45CC-BE8E-E2D5C328B578}.Debug|x64.Build.0 = Debug|x64
		{77D2A81D-23C8-45CC-BE8E-E2D5C328B578}.Debug|x86.ActiveCfg = Debug|Win32
		{77D2A81D-23C8-45CC-BE8E-E2D5C328B578}.Debug|x86.Build.0 = Debug|Win32
		{77D2A81D-23C8-45CC-BE8E-E2D5C328B578}.Release|x64.ActiveCfg = Release|x64
		{77D2A81D-23C8-45CC-BE8E-E2D5C328B578}.Release|x64.Build.0 = Release|x64
		{77D2A81D-23C8-45CC-BE8E-E2D5C328B578}.Release|x86.ActiveCfg = Release|Win32
		{77D2A81D-23C8-45CC-BE8E-E2D5C328B578}.Release|x86.Build.0 = Release|Win32
	EndGlobalSection
	GlobalSection(SolutionProperties) = preSolution
		HideSolutionNode = FALSE
	EndGlobalSection
	GlobalSection(ExtensibilityGlobals) = postSolution
		SolutionGuid = {965AE093-3CF4-4027-AC77-86DF689CA433}
	EndGlobalSection
EndGlobal
